
Microsoft Visual Studio Solution File, Format Version 12.00
# Visual Studio Version 17
VisualStudioVersion = 17.6.33829.357
MinimumVisualStudioVersion = 10.0.40219.1
Project("{FAE04EC0-301F-11D3-BF4B-00C04F79EFBC}") = "TruongChiDung-2121110102", "TruongChiDung-2121110102\TruongChiDung-2121110102.csproj", "{96D40689-E478-4DE0-A1AE-1794B530CBA4}"
EndProject
Project("{2150E333-8FDC-42A3-9474-1A3956D46DE8}") = "Solution Items", "Solution Items", "{90F32C54-3C2A-4797-AD95-A8E313F99BC3}"
	ProjectSection(SolutionItems) = preProject
		.editorconfig = .editorconfig
	EndProjectSection
EndProject
Global
	GlobalSection(SolutionConfigurationPlatforms) = preSolution
		Debug|Any CPU = Debug|Any CPU
		Release|Any CPU = Release|Any CPU
	EndGlobalSection
	GlobalSection(ProjectConfigurationPlatforms) = postSolution
		{96D40689-E478-4DE0-A1AE-1794B530CBA4}.Debug|Any CPU.ActiveCfg = Debug|Any CPU
		{96D40689-E478-4DE0-A1AE-1794B530CBA4}.Debug|Any CPU.Build.0 = Debug|Any CPU
		{96D40689-E478-4DE0-A1AE-1794B530CBA4}.Release|Any CPU.ActiveCfg = Release|Any CPU
		{96D40689-E478-4DE0-A1AE-1794B530CBA4}.Release|Any CPU.Build.0 = Release|Any CPU
	EndGlobalSection
	GlobalSection(SolutionProperties) = preSolution
		HideSolutionNode = FALSE
	EndGlobalSection
	GlobalSection(ExtensibilityGlobals) = postSolution
		SolutionGuid = {AF5848EC-0510-4CE4-A46D-59F91E9C68A1}
	EndGlobalSection
EndGlobal
